{
    "_meta": {
        "hash": {
            "sha256": "58df3668e4e88814b17c55a51bf528e21d05cd55396ab2f53b8e216ff62f78f7"
        },
        "pipfile-spec": 6,
        "requires": {
            "python_version": "3.10"
        },
        "sources": [
            {
                "name": "pypi",
                "url": "https://pypi.org/simple",
                "verify_ssl": true
            }
        ]
    },
    "default": {
        "paho-mqtt": {
            "hashes": [
                "sha256:2a8291c81623aec00372b5a85558a372c747cbca8e9934dfe218638b8eefc26f"
            ],
            "index": "pypi",
            "version": "==1.6.1"
        },
        "wakeonlan": {
            "hashes": [
                "sha256:c9deddcdf72256dd31f884b1c971c6d6af97730df2d33782cca8a9d3c28f2080",
                "sha256:f8fd7680118fcf5e6eea9ac871e425237754ce8995c7099783065df9f03c05a2"
            ],
            "index": "pypi",
            "version": "==2.1.0"
        }
    },
    "develop": {}
}
